{
  "name": "typescript2898754",
  "version": "1.0.0",
  "lockfileVersion": 3,
  "requires": true,
  "packages": {
    "": {
      "name": "typescript2898754",
      "version": "1.0.0",
      "license": "MIT",
      "dependencies": {
        "typescript2898754": "file:"
      }
    },
    "node_modules/typescript2898754": {
      "resolved": "",
      "link": true
    }
  }
}
